
Microsoft Visual Studio Solution File, Format Version 11.00
# Visual Studio 2010
Project("{8BC9CEB8-8B4A-11D0-8D11-00A0C91BC942}") = "GTF_COMM_DLL32", "GTF_COMM_DLL32.vcxproj", "{1E206E25-9969-D2CD-9FC8-2F4D03B3DAF9}"
EndProject
Global
	GlobalSection(SubversionScc) = preSolution
		Svn-Managed = True
		Manager = AnkhSVN - Subversion Support for Visual Studio
	EndGlobalSection
	GlobalSection(SolutionConfigurationPlatforms) = preSolution
		Debug|Win32 = Debug|Win32
		Release|Win32 = Release|Win32
	EndGlobalSection
	GlobalSection(ProjectConfigurationPlatforms) = postSolution
		{1E206E25-9969-D2CD-9FC8-2F4D03B3DAF9}.Debug|Win32.ActiveCfg = Debug|Win32
		{1E206E25-9969-D2CD-9FC8-2F4D03B3DAF9}.Debug|Win32.Build.0 = Debug|Win32
		{1E206E25-9969-D2CD-9FC8-2F4D03B3DAF9}.Release|Win32.ActiveCfg = Release|Win32
		{1E206E25-9969-D2CD-9FC8-2F4D03B3DAF9}.Release|Win32.Build.0 = Release|Win32
	EndGlobalSection
	GlobalSection(SolutionProperties) = preSolution
		HideSolutionNode = FALSE
	EndGlobalSection
EndGlobal
